
Microsoft Visual Studio Solution File, Format Version 12.00
# Visual Studio 15
VisualStudioVersion = 15.0.28307.168
MinimumVisualStudioVersion = 10.0.40219.1
Project("{FAE04EC0-301F-11D3-BF4B-00C04F79EFBC}") = "DiveIntoGrpc.Api", "DiveIntoGrpc.Api\DiveIntoGrpc.Api.csproj", "{FACBE15F-733E-4842-8D0E-114B131B3767}"
EndProject
Project("{FAE04EC0-301F-11D3-BF4B-00C04F79EFBC}") = "DiveIntoGrpc.Server", "DiveIntoGrpc.Server\DiveIntoGrpc.Server.csproj", "{8673055C-DCA1-48CB-A429-4DB60ECD2770}"
EndProject
Project("{FAE04EC0-301F-11D3-BF4B-00C04F79EFBC}") = "DiveIntoGrpc.Shared", "DiveIntoGrpc.Shared\DiveIntoGrpc.Shared.csproj", "{BB6803A0-A57D-4E08-8835-9E417C8D8074}"
EndProject
Global
	GlobalSection(SolutionConfigurationPlatforms) = preSolution
		Debug|Any CPU = Debug|Any CPU
		Release|Any CPU = Release|Any CPU
	EndGlobalSection
	GlobalSection(ProjectConfigurationPlatforms) = postSolution
		{FACBE15F-733E-4842-8D0E-114B131B3767}.Debug|Any CPU.ActiveCfg = Debug|Any CPU
		{FACBE15F-733E-4842-8D0E-114B131B3767}.Debug|Any CPU.Build.0 = Debug|Any CPU
		{FACBE15F-733E-4842-8D0E-114B131B3767}.Release|Any CPU.ActiveCfg = Release|Any CPU
		{FACBE15F-733E-4842-8D0E-114B131B3767}.Release|Any CPU.Build.0 = Release|Any CPU
		{8673055C-DCA1-48CB-A429-4DB60ECD2770}.Debug|Any CPU.ActiveCfg = Debug|Any CPU
		{8673055C-DCA1-48CB-A429-4DB60ECD2770}.Debug|Any CPU.Build.0 = Debug|Any CPU
		{8673055C-DCA1-48CB-A429-4DB60ECD2770}.Release|Any CPU.ActiveCfg = Release|Any CPU
		{8673055C-DCA1-48CB-A429-4DB60ECD2770}.Release|Any CPU.Build.0 = Release|Any CPU
		{BB6803A0-A57D-4E08-8835-9E417C8D8074}.Debug|Any CPU.ActiveCfg = Debug|Any CPU
		{BB6803A0-A57D-4E08-8835-9E417C8D8074}.Debug|Any CPU.Build.0 = Debug|Any CPU
		{BB6803A0-A57D-4E08-8835-9E417C8D8074}.Release|Any CPU.ActiveCfg = Release|Any CPU
		{BB6803A0-A57D-4E08-8835-9E417C8D8074}.Release|Any CPU.Build.0 = Release|Any CPU
	EndGlobalSection
	GlobalSection(SolutionProperties) = preSolution
		HideSolutionNode = FALSE
	EndGlobalSection
	GlobalSection(ExtensibilityGlobals) = postSolution
		SolutionGuid = {697FB983-F4BE-4143-AC26-BB11C1E2B198}
	EndGlobalSection
EndGlobal
